// !$*UTF8*$!
{
	archiveVersion = 1;
	classes = {
	};
	objectVersion = 51;
	objects = {

/* Begin PBXBuildFile section */
		7A93CE656A53BC7EC4AA05DA /* Pods_cafe_manager.framework in Frameworks */ = {isa = PBXBuildFile; fileRef = 1E1A2658048C73F9886712EF /* Pods_cafe_manager.framework */; };
		A6104314263B18D90096E67E /* AppDelegate.swift in Sources */ = {isa = PBXBuildFile; fileRef = A6104313263B18D90096E67E /* AppDelegate.swift */; };
		A6104316263B18D90096E67E /* SceneDelegate.swift in Sources */ = {isa = PBXBuildFile; fileRef = A6104315263B18D90096E67E /* SceneDelegate.swift */; };
		A610431B263B18D90096E67E /* Main.storyboard in Resources */ = {isa = PBXBuildFile; fileRef = A6104319263B18D90096E67E /* Main.storyboard */; };
		A610431D263B18DA0096E67E /* Assets.xcassets in Resources */ = {isa = PBXBuildFile; fileRef = A610431C263B18DA0096E67E /* Assets.xcassets */; };
		A6104320263B18DA0096E67E /* LaunchScreen.storyboard in Resources */ = {isa = PBXBuildFile; fileRef = A610431E263B18DA0096E67E /* LaunchScreen.storyboard */; };
		A6104334263B1FDC0096E67E /* GoogleService-Info.plist in Resources */ = {isa = PBXBuildFile; fileRef = A6104333263B1FDC0096E67E /* GoogleService-Info.plist */; };
		A67FFAE6263B7B3800723C85 /* StoreRootViewController.swift in Sources */ = {isa = PBXBuildFile; fileRef = A67FFAE5263B7B3800723C85 /* StoreRootViewController.swift */; };
		A67FFB06263C49DB00723C85 /* PreviewViewController.swift in Sources */ = {isa = PBXBuildFile; fileRef = A67FFB05263C49DB00723C85 /* PreviewViewController.swift */; };
		A67FFB09263C49F400723C85 /* CategoryViewController.swift in Sources */ = {isa = PBXBuildFile; fileRef = A67FFB08263C49F400723C85 /* CategoryViewController.swift */; };
		A67FFB0C263C4A0B00723C85 /* MenuViewController.swift in Sources */ = {isa = PBXBuildFile; fileRef = A67FFB0B263C4A0B00723C85 /* MenuViewController.swift */; };
		A67FFB0F263C52EA00723C85 /* Model.swift in Sources */ = {isa = PBXBuildFile; fileRef = A67FFB0E263C52EA00723C85 /* Model.swift */; };
/* End PBXBuildFile section */

/* Begin PBXFileReference section */
		1E1A2658048C73F9886712EF /* Pods_cafe_manager.framework */ = {isa = PBXFileReference; explicitFileType = wrapper.framework; includeInIndex = 0; path = Pods_cafe_manager.framework; sourceTree = BUILT_PRODUCTS_DIR; };
		57E3D8C6A03EC7FD642B89E2 /* Pods-cafe-manager.debug.xcconfig */ = {isa = PBXFileReference; includeInIndex = 1; lastKnownFileType = text.xcconfig; name = "Pods-cafe-manager.debug.xcconfig"; path = "Target Support Files/Pods-cafe-manager/Pods-cafe-manager.debug.xcconfig"; sourceTree = "<group>"; };
		A6104310263B18D90096E67E /* cafe-manager.app */ = {isa = PBXFileReference; explicitFileType = wrapper.application; includeInIndex = 0; path = "cafe-manager.app"; sourceTree = BUILT_PRODUCTS_DIR; };
		A6104313263B18D90096E67E /* AppDelegate.swift */ = {isa = PBXFileReference; lastKnownFileType = sourcecode.swift; path = AppDelegate.swift; sourceTree = "<group>"; };
		A6104315263B18D90096E67E /* SceneDelegate.swift */ = {isa = PBXFileReference; lastKnownFileType = sourcecode.swift; path = SceneDelegate.swift; sourceTree = "<group>"; };
		A610431A263B18D90096E67E /* Base */ = {isa = PBXFileReference; lastKnownFileType = file.storyboard; name = Base; path = Base.lproj/Main.storyboard; sourceTree = "<group>"; };
		A610431C263B18DA0096E67E /* Assets.xcassets */ = {isa = PBXFileReference; lastKnownFileType = folder.assetcatalog; path = Assets.xcassets; sourceTree = "<group>"; };
		A610431F263B18DA0096E67E /* Base */ = {isa = PBXFileReference; lastKnownFileType = file.storyboard; name = Base; path = Base.lproj/LaunchScreen.storyboard; sourceTree = "<group>"; };
		A6104321263B18DA0096E67E /* Info.plist */ = {isa = PBXFileReference; lastKnownFileType = text.plist.xml; path = Info.plist; sourceTree = "<group>"; };
		A6104333263B1FDC0096E67E /* GoogleService-Info.plist */ = {isa = PBXFileReference; fileEncoding = 4; lastKnownFileType = text.plist.xml; path = "GoogleService-Info.plist"; sourceTree = "<group>"; };
		A67FFAE5263B7B3800723C85 /* StoreRootViewController.swift */ = {isa = PBXFileReference; lastKnownFileType = sourcecode.swift; path = StoreRootViewController.swift; sourceTree = "<group>"; };
		A67FFB05263C49DB00723C85 /* PreviewViewController.swift */ = {isa = PBXFileReference; lastKnownFileType = sourcecode.swift; path = PreviewViewController.swift; sourceTree = "<group>"; };
		A67FFB08263C49F400723C85 /* CategoryViewController.swift */ = {isa = PBXFileReference; lastKnownFileType = sourcecode.swift; path = CategoryViewController.swift; sourceTree = "<group>"; };
		A67FFB0B263C4A0B00723C85 /* MenuViewController.swift */ = {isa = PBXFileReference; lastKnownFileType = sourcecode.swift; path = MenuViewController.swift; sourceTree = "<group>"; };
		A67FFB0E263C52EA00723C85 /* Model.swift */ = {isa = PBXFileReference; lastKnownFileType = sourcecode.swift; path = Model.swift; sourceTree = "<group>"; };
		D1EC080530F6FC56AC0F43D7 /* Pods-cafe-manager.release.xcconfig */ = {isa = PBXFileReference; includeInIndex = 1; lastKnownFileType = text.xcconfig; name = "Pods-cafe-manager.release.xcconfig"; path = "Target Support Files/Pods-cafe-manager/Pods-cafe-manager.release.xcconfig"; sourceTree = "<group>"; };
/* End PBXFileReference section */

/* Begin PBXFrameworksBuildPhase section */
		A610430D263B18D90096E67E /* Frameworks */ = {
			isa = PBXFrameworksBuildPhase;
			buildActionMask = 2147483647;
			files = (
				7A93CE656A53BC7EC4AA05DA /* Pods_cafe_manager.framework in Frameworks */,
			);
			runOnlyForDeploymentPostprocessing = 0;
		};
/* End PBXFrameworksBuildPhase section */

/* Begin PBXGroup section */
		143A66DD9B880A7CBFC7B957 /* Frameworks */ = {
			isa = PBXGroup;
			children = (
				1E1A2658048C73F9886712EF /* Pods_cafe_manager.framework */,
			);
			name = Frameworks;
			sourceTree = "<group>";
		};
		A6104307263B18D80096E67E = {
			isa = PBXGroup;
			children = (
				A6104312263B18D90096E67E /* cafe-manager */,
				A6104311263B18D90096E67E /* Products */,
				F5E7AEA40E0382BB1EA406FC /* Pods */,
				143A66DD9B880A7CBFC7B957 /* Frameworks */,
			);
			sourceTree = "<group>";
		};
		A6104311263B18D90096E67E /* Products */ = {
			isa = PBXGroup;
			children = (
				A6104310263B18D90096E67E /* cafe-manager.app */,
			);
			name = Products;
			sourceTree = "<group>";
		};
		A6104312263B18D90096E67E /* cafe-manager */ = {
			isa = PBXGroup;
			children = (
				A6104339263B231C0096E67E /* Controller */,
				A6104338263B23170096E67E /* View */,
				A6104337263B230F0096E67E /* Model */,
				A6104313263B18D90096E67E /* AppDelegate.swift */,
				A6104315263B18D90096E67E /* SceneDelegate.swift */,
				A610431C263B18DA0096E67E /* Assets.xcassets */,
				A610431E263B18DA0096E67E /* LaunchScreen.storyboard */,
				A6104321263B18DA0096E67E /* Info.plist */,
				A6104333263B1FDC0096E67E /* GoogleService-Info.plist */,
			);
			path = "cafe-manager";
			sourceTree = "<group>";
		};
		A6104337263B230F0096E67E /* Model */ = {
			isa = PBXGroup;
			children = (
				A67FFB0E263C52EA00723C85 /* Model.swift */,
			);
			path = Model;
			sourceTree = "<group>";
		};
		A6104338263B23170096E67E /* View */ = {
			isa = PBXGroup;
			children = (
				A6104319263B18D90096E67E /* Main.storyboard */,
			);
			path = View;
			sourceTree = "<group>";
		};
		A6104339263B231C0096E67E /* Controller */ = {
			isa = PBXGroup;
			children = (
				A67FFAE0263B76AB00723C85 /* Store */,
			);
			path = Controller;
			sourceTree = "<group>";
		};
		A67FFAE0263B76AB00723C85 /* Store */ = {
			isa = PBXGroup;
			children = (
				A67FFAE5263B7B3800723C85 /* StoreRootViewController.swift */,
				A67FFB05263C49DB00723C85 /* PreviewViewController.swift */,
				A67FFB08263C49F400723C85 /* CategoryViewController.swift */,
				A67FFB0B263C4A0B00723C85 /* MenuViewController.swift */,
			);
			path = Store;
			sourceTree = "<group>";
		};
		F5E7AEA40E0382BB1EA406FC /* Pods */ = {
			isa = PBXGroup;
			children = (
				57E3D8C6A03EC7FD642B89E2 /* Pods-cafe-manager.debug.xcconfig */,
				D1EC080530F6FC56AC0F43D7 /* Pods-cafe-manager.release.xcconfig */,
			);
			path = Pods;
			sourceTree = "<group>";
		};
/* End PBXGroup section */

/* Begin PBXNativeTarget section */
		A610430F263B18D90096E67E /* cafe-manager */ = {
			isa = PBXNativeTarget;
			buildConfigurationList = A6104324263B18DA0096E67E /* Build configuration list for PBXNativeTarget "cafe-manager" */;
			buildPhases = (
				5602A651543E82FC98C20327 /* [CP] Check Pods Manifest.lock */,
				A610430C263B18D90096E67E /* Sources */,
				A610430D263B18D90096E67E /* Frameworks */,
				A610430E263B18D90096E67E /* Resources */,
				8354787C4568397F5665E27F /* [CP] Embed Pods Frameworks */,
			);
			buildRules = (
			);
			dependencies = (
			);
			name = "cafe-manager";
			productName = "cafe-manager";
			productReference = A6104310263B18D90096E67E /* cafe-manager.app */;
			productType = "com.apple.product-type.application";
		};
/* End PBXNativeTarget section */

/* Begin PBXProject section */
		A6104308263B18D90096E67E /* Project object */ = {
			isa = PBXProject;
			attributes = {
				LastSwiftUpdateCheck = 1240;
				LastUpgradeCheck = 1240;
				TargetAttributes = {
					A610430F263B18D90096E67E = {
						CreatedOnToolsVersion = 12.4;
					};
				};
			};
			buildConfigurationList = A610430B263B18D90096E67E /* Build configuration list for PBXProject "cafe-manager" */;
			compatibilityVersion = "Xcode 9.3";
			developmentRegion = en;
			hasScannedForEncodings = 0;
			knownRegions = (
				en,
				Base,
			);
			mainGroup = A6104307263B18D80096E67E;
			productRefGroup = A6104311263B18D90096E67E /* Products */;
			projectDirPath = "";
			projectRoot = "";
			targets = (
				A610430F263B18D90096E67E /* cafe-manager */,
			);
		};
/* End PBXProject section */

/* Begin PBXResourcesBuildPhase section */
		A610430E263B18D90096E67E /* Resources */ = {
			isa = PBXResourcesBuildPhase;
			buildActionMask = 2147483647;
			files = (
				A6104320263B18DA0096E67E /* LaunchScreen.storyboard in Resources */,
				A610431D263B18DA0096E67E /* Assets.xcassets in Resources */,
				A6104334263B1FDC0096E67E /* GoogleService-Info.plist in Resources */,
				A610431B263B18D90096E67E /* Main.storyboard in Resources */,
			);
			runOnlyForDeploymentPostprocessing = 0;
		};
/* End PBXResourcesBuildPhase section */

/* Begin PBXShellScriptBuildPhase section */
		5602A651543E82FC98C20327 /* [CP] Check Pods Manifest.lock */ = {
			isa = PBXShellScriptBuildPhase;
			buildActionMask = 2147483647;
			files = (
			);
			inputFileListPaths = (
			);
			inputPaths = (
				"${PODS_PODFILE_DIR_PATH}/Podfile.lock",
				"${PODS_ROOT}/Manifest.lock",
			);
			name = "[CP] Check Pods Manifest.lock";
			outputFileListPaths = (
			);
			outputPaths = (
				"$(DERIVED_FILE_DIR)/Pods-cafe-manager-checkManifestLockResult.txt",
			);
			runOnlyForDeploymentPostprocessing = 0;
			shellPath = /bin/sh;
			shellScript = "diff \"${PODS_PODFILE_DIR_PATH}/Podfile.lock\" \"${PODS_ROOT}/Manifest.lock\" > /dev/null\nif [ $? != 0 ] ; then\n    # print error to STDERR\n    echo \"error: The sandbox is not in sync with the Podfile.lock. Run 'pod install' or update your CocoaPods installation.\" >&2\n    exit 1\nfi\n# This output is used by Xcode 'outputs' to avoid re-running this script phase.\necho \"SUCCESS\" > \"${SCRIPT_OUTPUT_FILE_0}\"\n";
			showEnvVarsInLog = 0;
		};
		8354787C4568397F5665E27F /* [CP] Embed Pods Frameworks */ = {
			isa = PBXShellScriptBuildPhase;
			buildActionMask = 2147483647;
			files = (
			);
			inputFileListPaths = (
				"${PODS_ROOT}/Target Support Files/Pods-cafe-manager/Pods-cafe-manager-frameworks-${CONFIGURATION}-input-files.xcfilelist",
			);
			name = "[CP] Embed Pods Frameworks";
			outputFileListPaths = (
				"${PODS_ROOT}/Target Support Files/Pods-cafe-manager/Pods-cafe-manager-frameworks-${CONFIGURATION}-output-files.xcfilelist",
			);
			runOnlyForDeploymentPostprocessing = 0;
			shellPath = /bin/sh;
			shellScript = "\"${PODS_ROOT}/Target Support Files/Pods-cafe-manager/Pods-cafe-manager-frameworks.sh\"\n";
			showEnvVarsInLog = 0;
		};
/* End PBXShellScriptBuildPhase section */

/* Begin PBXSourcesBuildPhase section */
		A610430C263B18D90096E67E /* Sources */ = {
			isa = PBXSourcesBuildPhase;
			buildActionMask = 2147483647;
			files = (
				A67FFB0F263C52EA00723C85 /* Model.swift in Sources */,
				A67FFB09263C49F400723C85 /* CategoryViewController.swift in Sources */,
				A67FFB0C263C4A0B00723C85 /* MenuViewController.swift in Sources */,
				A6104314263B18D90096E67E /* AppDelegate.swift in Sources */,
				A6104316263B18D90096E67E /* SceneDelegate.swift in Sources */,
				A67FFAE6263B7B3800723C85 /* StoreRootViewController.swift in Sources */,
				A67FFB06263C49DB00723C85 /* PreviewViewController.swift in Sources */,
			);
			runOnlyForDeploymentPostprocessing = 0;
		};
/* End PBXSourcesBuildPhase section */

/* Begin PBXVariantGroup section */
		A6104319263B18D90096E67E /* Main.storyboard */ = {
			isa = PBXVariantGroup;
			children = (
				A610431A263B18D90096E67E /* Base */,
			);
			name = Main.storyboard;
			sourceTree = "<group>";
		};
		A610431E263B18DA0096E67E /* LaunchScreen.storyboard */ = {
			isa = PBXVariantGroup;
			children = (
				A610431F263B18DA0096E67E /* Base */,
			);
			name = LaunchScreen.storyboard;
			sourceTree = "<group>";
		};
/* End PBXVariantGroup section */

/* Begin XCBuildConfiguration section */
		A6104322263B18DA0096E67E /* Debug */ = {
			isa = XCBuildConfiguration;
			buildSettings = {
				ALWAYS_SEARCH_USER_PATHS = NO;
				CLANG_ANALYZER_NONNULL = YES;
				CLANG_ANALYZER_NUMBER_OBJECT_CONVERSION = YES_AGGRESSIVE;
				CLANG_CXX_LANGUAGE_STANDARD = "gnu++14";
				CLANG_CXX_LIBRARY = "libc++";
				CLANG_ENABLE_MODULES = YES;
				CLANG_ENABLE_OBJC_ARC = YES;
				CLANG_ENABLE_OBJC_WEAK = YES;
				CLANG_WARN_BLOCK_CAPTURE_AUTORELEASING = YES;
				CLANG_WARN_BOOL_CONVERSION = YES;
				CLANG_WARN_COMMA = YES;
				CLANG_WARN_CONSTANT_CONVERSION = YES;
				CLANG_WARN_DEPRECATED_OBJC_IMPLEMENTATIONS = YES;
				CLANG_WARN_DIRECT_OBJC_ISA_USAGE = YES_ERROR;
				CLANG_WARN_DOCUMENTATION_COMMENTS = YES;
				CLANG_WARN_EMPTY_BODY = YES;
				CLANG_WARN_ENUM_CONVERSION = YES;
				CLANG_WARN_INFINITE_RECURSION = YES;
				CLANG_WARN_INT_CONVERSION = YES;
				CLANG_WARN_NON_LITERAL_NULL_CONVERSION = YES;
				CLANG_WARN_OBJC_IMPLICIT_RETAIN_SELF = YES;
				CLANG_WARN_OBJC_LITERAL_CONVERSION = YES;
				CLANG_WARN_OBJC_ROOT_CLASS = YES_ERROR;
				CLANG_WARN_QUOTED_INCLUDE_IN_FRAMEWORK_HEADER = YES;
				CLANG_WARN_RANGE_LOOP_ANALYSIS = YES;
				CLANG_WARN_STRICT_PROTOTYPES = YES;
				CLANG_WARN_SUSPICIOUS_MOVE = YES;
				CLANG_WARN_UNGUARDED_AVAILABILITY = YES_AGGRESSIVE;
				CLANG_WARN_UNREACHABLE_CODE = YES;
				CLANG_WARN__DUPLICATE_METHOD_MATCH = YES;
				COPY_PHASE_STRIP = NO;
				DEBUG_INFORMATION_FORMAT = dwarf;
				ENABLE_STRICT_OBJC_MSGSEND = YES;
				ENABLE_TESTABILITY = YES;
				GCC_C_LANGUAGE_STANDARD = gnu11;
				GCC_DYNAMIC_NO_PIC = NO;
				GCC_NO_COMMON_BLOCKS = YES;
				GCC_OPTIMIZATION_LEVEL = 0;
				GCC_PREPROCESSOR_DEFINITIONS = (
					"DEBUG=1",
					"$(inherited)",
				);
				GCC_WARN_64_TO_32_BIT_CONVERSION = YES;
				GCC_WARN_ABOUT_RETURN_TYPE = YES_ERROR;
				GCC_WARN_UNDECLARED_SELECTOR = YES;
				GCC_WARN_UNINITIALIZED_AUTOS = YES_AGGRESSIVE;
				GCC_WARN_UNUSED_FUNCTION = YES;
				GCC_WARN_UNUSED_VARIABLE = YES;
				IPHONEOS_DEPLOYMENT_TARGET = 14.4;
				MTL_ENABLE_DEBUG_INFO = INCLUDE_SOURCE;
				MTL_FAST_MATH = YES;
				ONLY_ACTIVE_ARCH = YES;
				SDKROOT = iphoneos;
				SWIFT_ACTIVE_COMPILATION_CONDITIONS = DEBUG;
				SWIFT_OPTIMIZATION_LEVEL = "-Onone";
			};
			name = Debug;
		};
		A6104323263B18DA0096E67E /* Release */ = {
			isa = XCBuildConfiguration;
			buildSettings = {
				ALWAYS_SEARCH_USER_PATHS = NO;
				CLANG_ANALYZER_NONNULL = YES;
				CLANG_ANALYZER_NUMBER_OBJECT_CONVERSION = YES_AGGRESSIVE;
				CLANG_CXX_LANGUAGE_STANDARD = "gnu++14";
				CLANG_CXX_LIBRARY = "libc++";
				CLANG_ENABLE_MODULES = YES;
				CLANG_ENABLE_OBJC_ARC = YES;
				CLANG_ENABLE_OBJC_WEAK = YES;
				CLANG_WARN_BLOCK_CAPTURE_AUTORELEASING = YES;
				CLANG_WARN_BOOL_CONVERSION = YES;
				CLANG_WARN_COMMA = YES;
				CLANG_WARN_CONSTANT_CONVERSION = YES;
				CLANG_WARN_DEPRECATED_OBJC_IMPLEMENTATIONS = YES;
				CLANG_WARN_DIRECT_OBJC_ISA_USAGE = YES_ERROR;
				CLANG_WARN_DOCUMENTATION_COMMENTS = YES;
				CLANG_WARN_EMPTY_BODY = YES;
				CLANG_WARN_ENUM_CONVERSION = YES;
				CLANG_WARN_INFINITE_RECURSION = YES;
				CLANG_WARN_INT_CONVERSION = YES;
				CLANG_WARN_NON_LITERAL_NULL_CONVERSION = YES;
				CLANG_WARN_OBJC_IMPLICIT_RETAIN_SELF = YES;
				CLANG_WARN_OBJC_LITERAL_CONVERSION = YES;
				CLANG_WARN_OBJC_ROOT_CLASS = YES_ERROR;
				CLANG_WARN_QUOTED_INCLUDE_IN_FRAMEWORK_HEADER = YES;
				CLANG_WARN_RANGE_LOOP_ANALYSIS = YES;
				CLANG_WARN_STRICT_PROTOTYPES = YES;
				CLANG_WARN_SUSPICIOUS_MOVE = YES;
				CLANG_WARN_UNGUARDED_AVAILABILITY = YES_AGGRESSIVE;
				CLANG_WARN_UNREACHABLE_CODE = YES;
				CLANG_WARN__DUPLICATE_METHOD_MATCH = YES;
				COPY_PHASE_STRIP = NO;
				DEBUG_INFORMATION_FORMAT = "dwarf-with-dsym";
				ENABLE_NS_ASSERTIONS = NO;
				ENABLE_STRICT_OBJC_MSGSEND = YES;
				GCC_C_LANGUAGE_STANDARD = gnu11;
				GCC_NO_COMMON_BLOCKS = YES;
				GCC_WARN_64_TO_32_BIT_CONVERSION = YES;
				GCC_WARN_ABOUT_RETURN_TYPE = YES_ERROR;
				GCC_WARN_UNDECLARED_SELECTOR = YES;
				GCC_WARN_UNINITIALIZED_AUTOS = YES_AGGRESSIVE;
				GCC_WARN_UNUSED_FUNCTION = YES;
				GCC_WARN_UNUSED_VARIABLE = YES;
				IPHONEOS_DEPLOYMENT_TARGET = 14.4;
				MTL_ENABLE_DEBUG_INFO = NO;
				MTL_FAST_MATH = YES;
				SDKROOT = iphoneos;
				SWIFT_COMPILATION_MODE = wholemodule;
				SWIFT_OPTIMIZATION_LEVEL = "-O";
				VALIDATE_PRODUCT = YES;
			};
			name = Release;
		};
		A6104325263B18DA0096E67E /* Debug */ = {
			isa = XCBuildConfiguration;
			baseConfigurationReference = 57E3D8C6A03EC7FD642B89E2 /* Pods-cafe-manager.debug.xcconfig */;
			buildSettings = {
				ASSETCATALOG_COMPILER_APPICON_NAME = AppIcon;
				ASSETCATALOG_COMPILER_GLOBAL_ACCENT_COLOR_NAME = AccentColor;
				CODE_SIGN_STYLE = Automatic;
				INFOPLIST_FILE = "cafe-manager/Info.plist";
				LD_RUNPATH_SEARCH_PATHS = (
					"$(inherited)",
					"@executable_path/Frameworks",
				);
				PRODUCT_BUNDLE_IDENTIFIER = "com.felician.cafe-manager";
				PRODUCT_NAME = "$(TARGET_NAME)";
				SWIFT_VERSION = 5.0;
				TARGETED_DEVICE_FAMILY = "1,2";
			};
			name = Debug;
		};
		A6104326263B18DA0096E67E /* Release */ = {
			isa = XCBuildConfiguration;
			baseConfigurationReference = D1EC080530F6FC56AC0F43D7 /* Pods-cafe-manager.release.xcconfig */;
			buildSettings = {
				ASSETCATALOG_COMPILER_APPICON_NAME = AppIcon;
				ASSETCATALOG_COMPILER_GLOBAL_ACCENT_COLOR_NAME = AccentColor;
				CODE_SIGN_STYLE = Automatic;
				INFOPLIST_FILE = "cafe-manager/Info.plist";
				LD_RUNPATH_SEARCH_PATHS = (
					"$(inherited)",
					"@executable_path/Frameworks",
				);
				PRODUCT_BUNDLE_IDENTIFIER = "com.felician.cafe-manager";
				PRODUCT_NAME = "$(TARGET_NAME)";
				SWIFT_VERSION = 5.0;
				TARGETED_DEVICE_FAMILY = "1,2";
			};
			name = Release;
		};
/* End XCBuildConfiguration section */

/* Begin XCConfigurationList section */
		A610430B263B18D90096E67E /* Build configuration list for PBXProject "cafe-manager" */ = {
			isa = XCConfigurationList;
			buildConfigurations = (
				A6104322263B18DA0096E67E /* Debug */,
				A6104323263B18DA0096E67E /* Release */,
			);
			defaultConfigurationIsVisible = 0;
			defaultConfigurationName = Release;
		};
		A6104324263B18DA0096E67E /* Build configuration list for PBXNativeTarget "cafe-manager" */ = {
			isa = XCConfigurationList;
			buildConfigurations = (
				A6104325263B18DA0096E67E /* Debug */,
				A6104326263B18DA0096E67E /* Release */,
			);
			defaultConfigurationIsVisible = 0;
			defaultConfigurationName = Release;
		};
/* End XCConfigurationList section */
	};
	rootObject = A6104308263B18D90096E67E /* Project object */;
}
